<?xml version="1.0" encoding="utf-8"?>
<Project ToolsVersion="4.0" xmlns="http://schemas.microsoft.com/developer/msbuild/2003">
  <ItemGroup>
    <Filter Include="Fichiers sources">
      <UniqueIdentifier>{4FC737F1-C7A5-4376-A066-2A32D752A2FF}</UniqueIdentifier>
      <Extensions>cpp;c;cc;cxx;def;odl;idl;hpj;bat;asm;asmx</Extensions>
    </Filter>
    <Filter Include="Fichiers d%27en-tête">
      <UniqueIdentifier>{93995380-89BD-4b04-88EB-625FBE52EBFB}</UniqueIdentifier>
      <Extensions>h;hh;hpp;hxx;hm;inl;inc;ipp;xsd</Extensions>
    </Filter>
    <Filter Include="Fichiers de ressources">
      <UniqueIdentifier>{67DA6AB6-F800-4c08-8B7A-83BB121AAD01}</UniqueIdentifier>
      <Extensions>rc;ico;cur;bmp;dlg;rc2;rct;bin;rgs;gif;jpg;jpeg;jpe;resx;tiff;tif;png;wav;mfcribbon-ms</Extensions>
    </Filter>
    <Filter Include="States">
      <UniqueIdentifier>{25273a5a-dd8a-4704-bc45-ae7be69dd893}</UniqueIdentifier>
    </Filter>
    <Filter Include="Items">
      <UniqueIdentifier>{d7f10e88-9cfe-42b2-b429-df0a7b02fd37}</UniqueIdentifier>
    </Filter>
    <Filter Include="Buttons/Text Fields">
      <UniqueIdentifier>{aef77a6f-e8a1-40e2-8861-9f608d447a2f}</UniqueIdentifier>
    </Filter>
    <Filter Include="Entities">
      <UniqueIdentifier>{302187d8-ddc7-408a-8f08-e8bc876bc37b}</UniqueIdentifier>
    </Filter>
    <Filter Include="Game">
      <UniqueIdentifier>{1d6842b9-f2d0-436c-9d44-187c6c6cb2f1}</UniqueIdentifier>
    </Filter>
    <Filter Include="Inventory">
      <UniqueIdentifier>{e4655600-3ec9-4384-aeb6-300136ef917e}</UniqueIdentifier>
    </Filter>
    <Filter Include="Components">
      <UniqueIdentifier>{5fd9a131-c2e7-483f-93de-9107ae963b14}</UniqueIdentifier>
    </Filter>
    <Filter Include="Components\GUI">
      <UniqueIdentifier>{6bb93bce-0140-4f1a-8985-6d19c6ee078e}</UniqueIdentifier>
    </Filter>
    <Filter Include="Components\Game">
      <UniqueIdentifier>{6e52f2d8-5e6f-4dd5-93a9-1ba62105c5c0}</UniqueIdentifier>
    </Filter>
    <Filter Include="Map/Tiles">
      <UniqueIdentifier>{e991fec8-b2ac-4fae-83b5-3f5490fd9e70}</UniqueIdentifier>
    </Filter>
  </ItemGroup>
  <ItemGroup>
    <ClCompile Include="Source\Main.cpp">
      <Filter>Fichiers sources</Filter>
    </ClCompile>
    <ClCompile Include="Source\Precompiled_Header.cpp">
      <Filter>Fichiers sources</Filter>
    </ClCompile>
    <ClCompile Include="Source\Utility.cpp">
      <Filter>Fichiers sources</Filter>
    </ClCompile>
    <ClCompile Include="Source\Armor.cpp">
      <Filter>Items</Filter>
    </ClCompile>
    <ClCompile Include="Source\Button.cpp">
      <Filter>Buttons/Text Fields</Filter>
    </ClCompile>
    <ClCompile Include="Source\Character.cpp">
      <Filter>Entities</Filter>
    </ClCompile>
    <ClCompile Include="Source\AnimationComponent.cpp">
      <Filter>Components\Game</Filter>
    </ClCompile>
    <ClCompile Include="Source\ChatBoxGUI.cpp">
      <Filter>Components\GUI</Filter>
    </ClCompile>
    <ClCompile Include="Source\CommandComponent.cpp">
      <Filter>Components\Game</Filter>
    </ClCompile>
    <ClCompile Include="Source\EditorGUI.cpp">
      <Filter>Components\GUI</Filter>
    </ClCompile>
    <ClCompile Include="Source\EditorState.cpp">
      <Filter>States</Filter>
    </ClCompile>
    <ClCompile Include="Source\Entity.cpp">
      <Filter>Entities</Filter>
    </ClCompile>
    <ClCompile Include="Source\Game.cpp">
      <Filter>Game</Filter>
    </ClCompile>
    <ClCompile Include="Source\GameState.cpp">
      <Filter>States</Filter>
    </ClCompile>
    <ClCompile Include="Source\GUI.cpp">
      <Filter>Components\GUI</Filter>
    </ClCompile>
    <ClCompile Include="Source\HitboxComponent.cpp">
      <Filter>Components\Game</Filter>
    </ClCompile>
    <ClCompile Include="Source\inventory.cpp">
      <Filter>Inventory</Filter>
    </ClCompile>
    <ClCompile Include="Source\item.cpp">
      <Filter>Items</Filter>
    </ClCompile>
    <ClCompile Include="Source\Map.cpp">
      <Filter>Map/Tiles</Filter>
    </ClCompile>
    <ClCompile Include="Source\MenuGUI.cpp">
      <Filter>Components\GUI</Filter>
    </ClCompile>
    <ClCompile Include="Source\MovementComponent.cpp">
      <Filter>Components\Game</Filter>
    </ClCompile>
    <ClCompile Include="Source\MusicComponent.cpp">
      <Filter>Components\Game</Filter>
    </ClCompile>
    <ClCompile Include="Source\StatisticsComponent.cpp">
      <Filter>Components\Game</Filter>
    </ClCompile>
    <ClCompile Include="Source\TransitionComponent.cpp">
      <Filter>Components\Game</Filter>
    </ClCompile>
    <ClCompile Include="Source\MenuState.cpp">
      <Filter>States</Filter>
    </ClCompile>
    <ClCompile Include="Source\Player.cpp">
      <Filter>Entities</Filter>
    </ClCompile>
    <ClCompile Include="Source\State.cpp">
      <Filter>Components\GUI</Filter>
    </ClCompile>
    <ClCompile Include="Source\MiniMapGUI.cpp">
      <Filter>Components\GUI</Filter>
    </ClCompile>
    <ClCompile Include="Source\PlayerGUI.cpp">
      <Filter>Components\GUI</Filter>
    </ClCompile>
    <ClCompile Include="Source\TextField.cpp">
      <Filter>Buttons/Text Fields</Filter>
    </ClCompile>
    <ClCompile Include="Source\Weapon.cpp">
      <Filter>Items</Filter>
    </ClCompile>
    <ClCompile Include="Source\TilesMap.cpp">
      <Filter>Map/Tiles</Filter>
    </ClCompile>
  </ItemGroup>
  <ItemGroup>
    <ClInclude Include="Source\Precompiled_Header.h">
      <Filter>Fichiers d%27en-tête</Filter>
    </ClInclude>
    <ClInclude Include="Include\Macros.h">
      <Filter>Fichiers d%27en-tête</Filter>
    </ClInclude>
    <ClInclude Include="Include\AnimationComponent.h">
      <Filter>Components\Game</Filter>
    </ClInclude>
    <ClInclude Include="Include\CommandComponent.h">
      <Filter>Components\Game</Filter>
    </ClInclude>
    <ClInclude Include="Include\HitboxComponent.h">
      <Filter>Components\Game</Filter>
    </ClInclude>
    <ClInclude Include="Include\MovementComponent.h">
      <Filter>Components\Game</Filter>
    </ClInclude>
    <ClInclude Include="Include\MusicComponent.h">
      <Filter>Components\Game</Filter>
    </ClInclude>
    <ClInclude Include="Include\StatisticsComponent.h">
      <Filter>Components\Game</Filter>
    </ClInclude>
    <ClInclude Include="Include\TransitionComponent.h">
      <Filter>Components\Game</Filter>
    </ClInclude>
    <ClInclude Include="Include\ChatBoxGUI.h">
      <Filter>Components\GUI</Filter>
    </ClInclude>
    <ClInclude Include="Include\EditorGUI.h">
      <Filter>Components\GUI</Filter>
    </ClInclude>
    <ClInclude Include="Include\GUI.h">
      <Filter>Components\GUI</Filter>
    </ClInclude>
    <ClInclude Include="Include\MenuGUI.h">
      <Filter>Components\GUI</Filter>
    </ClInclude>
    <ClInclude Include="Include\MiniMapGUI.h">
      <Filter>Components\GUI</Filter>
    </ClInclude>
    <ClInclude Include="Include\PlayerGUI.h">
      <Filter>Components\GUI</Filter>
    </ClInclude>
    <ClInclude Include="Include\Entity.h">
      <Filter>Entities</Filter>
    </ClInclude>
    <ClInclude Include="Include\Player.h">
      <Filter>Entities</Filter>
    </ClInclude>
    <ClInclude Include="Include\character.h">
      <Filter>Entities</Filter>
    </ClInclude>
    <ClInclude Include="Include\Game.h">
      <Filter>Game</Filter>
    </ClInclude>
    <ClInclude Include="Include\Armor.h">
      <Filter>Items</Filter>
    </ClInclude>
    <ClInclude Include="Include\Item.h">
      <Filter>Items</Filter>
    </ClInclude>
    <ClInclude Include="Include\Weapon.h">
      <Filter>Items</Filter>
    </ClInclude>
    <ClInclude Include="Include\Inventory.h">
      <Filter>Inventory</Filter>
    </ClInclude>
    <ClInclude Include="Include\Map.h">
      <Filter>Map/Tiles</Filter>
    </ClInclude>
    <ClInclude Include="Include\TileMap.h">
      <Filter>Map/Tiles</Filter>
    </ClInclude>
    <ClInclude Include="Include\State.h">
      <Filter>States</Filter>
    </ClInclude>
    <ClInclude Include="Include\MenuState.h">
      <Filter>States</Filter>
    </ClInclude>
    <ClInclude Include="Include\GameState.h">
      <Filter>States</Filter>
    </ClInclude>
    <ClInclude Include="Include\EditorState.h">
      <Filter>States</Filter>
    </ClInclude>
    <ClInclude Include="Include\TextField.h">
      <Filter>Buttons/Text Fields</Filter>
    </ClInclude>
    <ClInclude Include="Include\Button.h">
      <Filter>Buttons/Text Fields</Filter>
    </ClInclude>
  </ItemGroup>
</Project>