<?xml version="1.0" encoding="utf-8"?>
<Project ToolsVersion="4.0" xmlns="http://schemas.microsoft.com/developer/msbuild/2003">
  <ItemGroup>
    <Filter Include="Fichiers sources">
      <UniqueIdentifier>{4FC737F1-C7A5-4376-A066-2A32D752A2FF}</UniqueIdentifier>
      <Extensions>cpp;c;cc;cxx;def;odl;idl;hpj;bat;asm;asmx</Extensions>
    </Filter>
    <Filter Include="Fichiers d%27en-tête">
      <UniqueIdentifier>{93995380-89BD-4b04-88EB-625FBE52EBFB}</UniqueIdentifier>
      <Extensions>h;hh;hpp;hxx;hm;inl;inc;ipp;xsd</Extensions>
    </Filter>
    <Filter Include="Fichiers de ressources">
      <UniqueIdentifier>{67DA6AB6-F800-4c08-8B7A-83BB121AAD01}</UniqueIdentifier>
      <Extensions>rc;ico;cur;bmp;dlg;rc2;rct;bin;rgs;gif;jpg;jpeg;jpe;resx;tiff;tif;png;wav;mfcribbon-ms</Extensions>
    </Filter>
    <Filter Include="ThinMatrix">
      <UniqueIdentifier>{bc060468-3805-4d00-85f5-f05073fe2210}</UniqueIdentifier>
    </Filter>
    <Filter Include="ThinMatrix\EngineTester">
      <UniqueIdentifier>{d235d32e-015b-4773-8bff-415aeace2a95}</UniqueIdentifier>
    </Filter>
    <Filter Include="ThinMatrix\OwnAddition">
      <UniqueIdentifier>{c55e0699-0140-40b2-bef1-b1f5d0ba9882}</UniqueIdentifier>
    </Filter>
    <Filter Include="ThinMatrix\Renderer">
      <UniqueIdentifier>{f112880b-6641-42d4-8b3c-8e611267f57b}</UniqueIdentifier>
    </Filter>
    <Filter Include="ThinMatrix\Shader">
      <UniqueIdentifier>{59709e41-7cab-48e1-8bdd-bb6d49a83d8b}</UniqueIdentifier>
    </Filter>
    <Filter Include="ThinMatrix\Models">
      <UniqueIdentifier>{2d945d0f-b6f3-4533-9c7b-f88ac2387f2d}</UniqueIdentifier>
    </Filter>
    <Filter Include="ThinMatrix\Textures">
      <UniqueIdentifier>{7bad42ff-fe2b-4a82-ad93-5dbb71f80fbd}</UniqueIdentifier>
    </Filter>
    <Filter Include="ThinMatrix\Managers">
      <UniqueIdentifier>{e3c8e73a-2c81-44db-bb37-3669463871c3}</UniqueIdentifier>
    </Filter>
  </ItemGroup>
  <ItemGroup>
    <ClCompile Include="Precompiled_Header_OpenGL.cpp">
      <Filter>Fichiers sources</Filter>
    </ClCompile>
    <ClCompile Include="..\..\Hogwart%27s RPG\OpenGL\MainGameLoop.cpp">
      <Filter>ThinMatrix\EngineTester</Filter>
    </ClCompile>
    <ClCompile Include="..\..\Hogwart%27s RPG\OpenGL\Loader.cpp">
      <Filter>ThinMatrix\Renderer</Filter>
    </ClCompile>
    <ClCompile Include="..\..\Hogwart%27s RPG\OpenGL\RawModel.cpp">
      <Filter>ThinMatrix\Models</Filter>
    </ClCompile>
    <ClCompile Include="ModelTexture.cpp">
      <Filter>ThinMatrix\Textures</Filter>
    </ClCompile>
    <ClCompile Include="Game.cpp">
      <Filter>Fichiers sources</Filter>
    </ClCompile>
    <ClCompile Include="DisplayManager.cpp">
      <Filter>ThinMatrix\Managers</Filter>
    </ClCompile>
    <ClCompile Include="EventManager.cpp">
      <Filter>ThinMatrix\Managers</Filter>
    </ClCompile>
    <ClCompile Include="ShaderOPG.cpp">
      <Filter>ThinMatrix\Shader</Filter>
    </ClCompile>
  </ItemGroup>
  <ItemGroup>
    <ClInclude Include="Precompiled_Header_OpenGL.h">
      <Filter>Fichiers d%27en-tête</Filter>
    </ClInclude>
    <ClInclude Include="..\..\Hogwart%27s RPG\OpenGL\Loader.h">
      <Filter>ThinMatrix\Renderer</Filter>
    </ClInclude>
    <ClInclude Include="..\..\Hogwart%27s RPG\OpenGL\RawModel.h">
      <Filter>ThinMatrix\Models</Filter>
    </ClInclude>
    <ClInclude Include="ModelTexture.h">
      <Filter>ThinMatrix\Textures</Filter>
    </ClInclude>
    <ClInclude Include="Game.h">
      <Filter>Fichiers d%27en-tête</Filter>
    </ClInclude>
    <ClInclude Include="DisplayManager.h">
      <Filter>ThinMatrix\Managers</Filter>
    </ClInclude>
    <ClInclude Include="EventManager.h">
      <Filter>ThinMatrix\Managers</Filter>
    </ClInclude>
    <ClInclude Include="ShaderOPG.h">
      <Filter>ThinMatrix\Shader</Filter>
    </ClInclude>
  </ItemGroup>
  <ItemGroup>
    <None Include="..\..\Hogwart%27s RPG\External\Shaders\Basic.frg">
      <Filter>Fichiers de ressources</Filter>
    </None>
    <None Include="..\..\Hogwart%27s RPG\External\Shaders\Basic.vtx">
      <Filter>Fichiers de ressources</Filter>
    </None>
    <None Include="..\External\Shaders\Texture.frg">
      <Filter>Fichiers de ressources</Filter>
    </None>
    <None Include="..\External\Shaders\Texture.vtx">
      <Filter>Fichiers de ressources</Filter>
    </None>
  </ItemGroup>
</Project>