<?xml version="1.0" encoding="utf-8"?>
<Project ToolsVersion="4.0" xmlns="http://schemas.microsoft.com/developer/msbuild/2003">
  <ItemGroup>
    <Filter Include="Fichiers sources">
      <UniqueIdentifier>{4FC737F1-C7A5-4376-A066-2A32D752A2FF}</UniqueIdentifier>
      <Extensions>cpp;c;cc;cxx;def;odl;idl;hpj;bat;asm;asmx</Extensions>
    </Filter>
    <Filter Include="Fichiers d%27en-tête">
      <UniqueIdentifier>{93995380-89BD-4b04-88EB-625FBE52EBFB}</UniqueIdentifier>
      <Extensions>h;hh;hpp;hxx;hm;inl;inc;ipp;xsd</Extensions>
    </Filter>
    <Filter Include="Fichiers de ressources">
      <UniqueIdentifier>{67DA6AB6-F800-4c08-8B7A-83BB121AAD01}</UniqueIdentifier>
      <Extensions>rc;ico;cur;bmp;dlg;rc2;rct;bin;rgs;gif;jpg;jpeg;jpe;resx;tiff;tif;png;wav;mfcribbon-ms</Extensions>
    </Filter>
    <Filter Include="Managers">
      <UniqueIdentifier>{21b15d39-58c5-432a-846c-4024ef416178}</UniqueIdentifier>
    </Filter>
    <Filter Include="Renderer">
      <UniqueIdentifier>{c2fe0560-3a5c-46ac-affb-ad94f8f1faa9}</UniqueIdentifier>
    </Filter>
    <Filter Include="Shader">
      <UniqueIdentifier>{a841ad45-b82f-4b17-9989-8cd7cc14c527}</UniqueIdentifier>
    </Filter>
    <Filter Include="Shapes">
      <UniqueIdentifier>{a0318ae4-b1f2-47d1-a41a-becc3d9f8c75}</UniqueIdentifier>
    </Filter>
    <Filter Include="Texture">
      <UniqueIdentifier>{82f6646f-fa7c-4fdf-a03c-83e28ddf6390}</UniqueIdentifier>
    </Filter>
    <Filter Include="Camera">
      <UniqueIdentifier>{e230e7d3-0b1b-4ab2-8aea-cbdedb51f49b}</UniqueIdentifier>
    </Filter>
  </ItemGroup>
  <ItemGroup>
    <ClCompile Include="Main.cpp">
      <Filter>Fichiers sources</Filter>
    </ClCompile>
    <ClCompile Include="DisplayManager.cpp">
      <Filter>Managers</Filter>
    </ClCompile>
    <ClCompile Include="pch.cpp">
      <Filter>Fichiers sources</Filter>
    </ClCompile>
    <ClCompile Include="Shader.cpp">
      <Filter>Shader</Filter>
    </ClCompile>
    <ClCompile Include="Cube.cpp">
      <Filter>Shapes</Filter>
    </ClCompile>
    <ClCompile Include="Axis.cpp">
      <Filter>Shapes</Filter>
    </ClCompile>
    <ClCompile Include="Drawable.cpp">
      <Filter>Shapes</Filter>
    </ClCompile>
    <ClCompile Include="InputManager.cpp">
      <Filter>Managers</Filter>
    </ClCompile>
    <ClCompile Include="..\..\Hogwart%27s RPG\OpenClassRoom\Crate.cpp">
      <Filter>Shapes</Filter>
    </ClCompile>
    <ClCompile Include="TextureManager.cpp">
      <Filter>Managers</Filter>
    </ClCompile>
    <ClCompile Include="..\..\Hogwart%27s RPG\OpenClassRoom\Camera.cpp">
      <Filter>Camera</Filter>
    </ClCompile>
  </ItemGroup>
  <ItemGroup>
    <ClInclude Include="DisplayManager.h">
      <Filter>Managers</Filter>
    </ClInclude>
    <ClInclude Include="Renderer.h">
      <Filter>Renderer</Filter>
    </ClInclude>
    <ClInclude Include="pch.h">
      <Filter>Fichiers d%27en-tête</Filter>
    </ClInclude>
    <ClInclude Include="Shader.h">
      <Filter>Shader</Filter>
    </ClInclude>
    <ClInclude Include="Cube.h">
      <Filter>Shapes</Filter>
    </ClInclude>
    <ClInclude Include="Axis.h">
      <Filter>Shapes</Filter>
    </ClInclude>
    <ClInclude Include="Drawable.h">
      <Filter>Shapes</Filter>
    </ClInclude>
    <ClInclude Include="InputManager.h">
      <Filter>Managers</Filter>
    </ClInclude>
    <ClInclude Include="..\..\Hogwart%27s RPG\OpenClassRoom\Crate.h">
      <Filter>Shapes</Filter>
    </ClInclude>
    <ClInclude Include="TextureManager.h">
      <Filter>Managers</Filter>
    </ClInclude>
    <ClInclude Include="..\..\Hogwart%27s RPG\OpenClassRoom\Camera.h">
      <Filter>Camera</Filter>
    </ClInclude>
  </ItemGroup>
  <ItemGroup>
    <None Include="..\..\Hogwart%27s RPG\OpenClassRoom\Shaders\basique2D.frag">
      <Filter>Fichiers de ressources</Filter>
    </None>
    <None Include="..\..\Hogwart%27s RPG\OpenClassRoom\Shaders\basique2D.vert">
      <Filter>Fichiers de ressources</Filter>
    </None>
    <None Include="..\..\Hogwart%27s RPG\OpenClassRoom\Shaders\couleur2D.frag">
      <Filter>Fichiers de ressources</Filter>
    </None>
    <None Include="..\..\Hogwart%27s RPG\OpenClassRoom\Shaders\couleur2D.vert">
      <Filter>Fichiers de ressources</Filter>
    </None>
    <None Include="..\..\Hogwart%27s RPG\OpenClassRoom\Shaders\couleur3D.frag">
      <Filter>Fichiers de ressources</Filter>
    </None>
    <None Include="..\..\Hogwart%27s RPG\OpenClassRoom\Shaders\couleur3D.vert">
      <Filter>Fichiers de ressources</Filter>
    </None>
    <None Include="..\..\Hogwart%27s RPG\OpenClassRoom\Shaders\texture.frag">
      <Filter>Fichiers de ressources</Filter>
    </None>
    <None Include="..\..\Hogwart%27s RPG\OpenClassRoom\Shaders\texture.vert">
      <Filter>Fichiers de ressources</Filter>
    </None>
  </ItemGroup>
</Project>